
Microsoft Visual Studio Solution File, Format Version 12.00
# Visual Studio Version 17
VisualStudioVersion = 17.10.35013.160
MinimumVisualStudioVersion = 10.0.40219.1
Project("{9A19103F-16F7-4668-BE54-9A1E7A4F7556}") = "Colecoes", "Colecoes\Colecoes.csproj", "{7B15B44A-919E-464F-9F38-78F9C68CEC79}"
EndProject
Project("{9A19103F-16F7-4668-BE54-9A1E7A4F7556}") = "1Arrays", "1Arrays\1Arrays.csproj", "{7CC819C0-51DA-430D-86D0-6805F1006CA7}"
EndProject
Project("{9A19103F-16F7-4668-BE54-9A1E7A4F7556}") = "2Arrays", "2Arrays\2Arrays.csproj", "{EEF0F065-68B3-4DD2-A67E-A9C14DD1DDE7}"
EndProject
Project("{9A19103F-16F7-4668-BE54-9A1E7A4F7556}") = "3Arrays", "3Arrays\3Arrays.csproj", "{32C6E776-58B1-4092-BA4C-BBBA6EE1CCC5}"
EndProject
Project("{9A19103F-16F7-4668-BE54-9A1E7A4F7556}") = "ClasseArray_Metodos", "ClasseArray_Metodos\ClasseArray_Metodos.csproj", "{2C3540A2-0945-4567-B5AA-11CC73194424}"
EndProject
Project("{9A19103F-16F7-4668-BE54-9A1E7A4F7556}") = "ArrayExercicio", "ArrayExercicio\ArrayExercicio.csproj", "{059442AB-019A-4034-B967-5C451190F03C}"
EndProject
Project("{9A19103F-16F7-4668-BE54-9A1E7A4F7556}") = "Modificador_Params", "Modificador_Params\Modificador_Params.csproj", "{ADC0DC36-DCCD-4769-902C-D901894126AD}"
EndProject
Project("{9A19103F-16F7-4668-BE54-9A1E7A4F7556}") = "4ArrayBidimensionais", "4ArrayBidimensionais\4ArrayBidimensionais.csproj", "{56AC25E0-9F1F-4F3D-BADA-D60B0AC35925}"
EndProject
Project("{9A19103F-16F7-4668-BE54-9A1E7A4F7556}") = "5ArraysBidimencionais", "5ArraysBidimencionais\5ArraysBidimencionais.csproj", "{773E35F4-A5CA-40C2-8339-DF8B63D39FCC}"
EndProject
Project("{9A19103F-16F7-4668-BE54-9A1E7A4F7556}") = "Exercicio-ArrayBidimensional", "Exercicio-ArrayBidimensional\Exercicio-ArrayBidimensional.csproj", "{9565C49F-AF6E-46AB-9925-39BD70FC8FAC}"
EndProject
Project("{9A19103F-16F7-4668-BE54-9A1E7A4F7556}") = "6ArrayList", "6ArrayList\6ArrayList.csproj", "{1506A25D-FC2C-4B66-8AA1-5546D8B8B126}"
EndProject
Project("{9A19103F-16F7-4668-BE54-9A1E7A4F7556}") = "7ArrayList2", "7ArrayList2\7ArrayList2.csproj", "{0FE26028-0B80-4BF9-ADB0-251BB692803D}"
EndProject
Project("{9A19103F-16F7-4668-BE54-9A1E7A4F7556}") = "8ArrayList8", "8ArrayList8\8ArrayList8.csproj", "{E944A0DC-4579-4E4A-9C2B-D091776F8261}"
EndProject
Project("{9A19103F-16F7-4668-BE54-9A1E7A4F7556}") = "9ArrayList4", "9ArrayList4\9ArrayList4.csproj", "{A12DEB8A-1DC2-453D-8999-2B3AD300C76A}"
EndProject
Project("{9A19103F-16F7-4668-BE54-9A1E7A4F7556}") = "10List", "10List\10List.csproj", "{E68C5002-5F28-483D-8E4A-BE94F3A2E195}"
EndProject
Project("{9A19103F-16F7-4668-BE54-9A1E7A4F7556}") = "10List2", "10List2\10List2.csproj", "{31B916E2-BD98-4ED0-B1E4-CD615D2A8647}"
EndProject
Project("{9A19103F-16F7-4668-BE54-9A1E7A4F7556}") = "11List", "11List\11List.csproj", "{39A1F6C4-192F-4F75-91A1-F13BE4D71B83}"
EndProject
Project("{9A19103F-16F7-4668-BE54-9A1E7A4F7556}") = "12List", "12List\12List.csproj", "{72B0A5E3-FD19-446B-A55E-C9BA5416199F}"
EndProject
Project("{9A19103F-16F7-4668-BE54-9A1E7A4F7556}") = "13List", "13List\13List.csproj", "{CCE098A6-942B-4222-B0BD-8A2E0E939823}"
EndProject
Project("{9A19103F-16F7-4668-BE54-9A1E7A4F7556}") = "14indexers", "14indexers\14indexers.csproj", "{5DF74D15-4703-457B-A4CA-921FF8A6D8CD}"
EndProject
Project("{9A19103F-16F7-4668-BE54-9A1E7A4F7556}") = "15NumerosAleatorios", "15NumerosAleatorios\15NumerosAleatorios.csproj", "{D2B8185B-F371-43BD-A304-D541CD05BC85}"
EndProject
Project("{9A19103F-16F7-4668-BE54-9A1E7A4F7556}") = "Exercicio1", "Exercicio1\Exercicio1.csproj", "{B3F52677-490E-4822-9EF1-8F5C0337585D}"
EndProject
Project("{9A19103F-16F7-4668-BE54-9A1E7A4F7556}") = "Exercicio2", "Exercicio2\Exercicio2.csproj", "{46CD18AA-0A1F-4DFA-88C3-120173D13D73}"
EndProject
Project("{9A19103F-16F7-4668-BE54-9A1E7A4F7556}") = "Exercicio3", "Exercicio3\Exercicio3.csproj", "{FC4FC9E8-E9A4-43E8-9624-8982FA3CE972}"
EndProject
Project("{9A19103F-16F7-4668-BE54-9A1E7A4F7556}") = "Exercicio4", "Exercicio4\Exercicio4.csproj", "{853EC2F0-F3E0-48BF-9223-1976DF164F54}"
EndProject
Project("{9A19103F-16F7-4668-BE54-9A1E7A4F7556}") = "Exercicio5", "Exercicio5\Exercicio5.csproj", "{E5F40B30-81CF-4BBF-B3DD-31F39AD3ECDE}"
EndProject
Project("{FAE04EC0-301F-11D3-BF4B-00C04F79EFBC}") = "Exercicio6", "Exercicio6\Exercicio6.csproj", "{0A998E6D-9AC3-43CB-8C4E-5246E36D7987}"
EndProject
Project("{FAE04EC0-301F-11D3-BF4B-00C04F79EFBC}") = "Exercicio7", "Exercicio7\Exercicio7.csproj", "{2893AD7D-9B92-4AC1-9B69-03EFA49644B6}"
EndProject
Global
	GlobalSection(SolutionConfigurationPlatforms) = preSolution
		Debug|Any CPU = Debug|Any CPU
		Release|Any CPU = Release|Any CPU
	EndGlobalSection
	GlobalSection(ProjectConfigurationPlatforms) = postSolution
		{7B15B44A-919E-464F-9F38-78F9C68CEC79}.Debug|Any CPU.ActiveCfg = Debug|Any CPU
		{7B15B44A-919E-464F-9F38-78F9C68CEC79}.Debug|Any CPU.Build.0 = Debug|Any CPU
		{7B15B44A-919E-464F-9F38-78F9C68CEC79}.Release|Any CPU.ActiveCfg = Release|Any CPU
		{7B15B44A-919E-464F-9F38-78F9C68CEC79}.Release|Any CPU.Build.0 = Release|Any CPU
		{7CC819C0-51DA-430D-86D0-6805F1006CA7}.Debug|Any CPU.ActiveCfg = Debug|Any CPU
		{7CC819C0-51DA-430D-86D0-6805F1006CA7}.Debug|Any CPU.Build.0 = Debug|Any CPU
		{7CC819C0-51DA-430D-86D0-6805F1006CA7}.Release|Any CPU.ActiveCfg = Release|Any CPU
		{7CC819C0-51DA-430D-86D0-6805F1006CA7}.Release|Any CPU.Build.0 = Release|Any CPU
		{EEF0F065-68B3-4DD2-A67E-A9C14DD1DDE7}.Debug|Any CPU.ActiveCfg = Debug|Any CPU
		{EEF0F065-68B3-4DD2-A67E-A9C14DD1DDE7}.Debug|Any CPU.Build.0 = Debug|Any CPU
		{EEF0F065-68B3-4DD2-A67E-A9C14DD1DDE7}.Release|Any CPU.ActiveCfg = Release|Any CPU
		{EEF0F065-68B3-4DD2-A67E-A9C14DD1DDE7}.Release|Any CPU.Build.0 = Release|Any CPU
		{32C6E776-58B1-4092-BA4C-BBBA6EE1CCC5}.Debug|Any CPU.ActiveCfg = Debug|Any CPU
		{32C6E776-58B1-4092-BA4C-BBBA6EE1CCC5}.Debug|Any CPU.Build.0 = Debug|Any CPU
		{32C6E776-58B1-4092-BA4C-BBBA6EE1CCC5}.Release|Any CPU.ActiveCfg = Release|Any CPU
		{32C6E776-58B1-4092-BA4C-BBBA6EE1CCC5}.Release|Any CPU.Build.0 = Release|Any CPU
		{2C3540A2-0945-4567-B5AA-11CC73194424}.Debug|Any CPU.ActiveCfg = Debug|Any CPU
		{2C3540A2-0945-4567-B5AA-11CC73194424}.Debug|Any CPU.Build.0 = Debug|Any CPU
		{2C3540A2-0945-4567-B5AA-11CC73194424}.Release|Any CPU.ActiveCfg = Release|Any CPU
		{2C3540A2-0945-4567-B5AA-11CC73194424}.Release|Any CPU.Build.0 = Release|Any CPU
		{059442AB-019A-4034-B967-5C451190F03C}.Debug|Any CPU.ActiveCfg = Debug|Any CPU
		{059442AB-019A-4034-B967-5C451190F03C}.Debug|Any CPU.Build.0 = Debug|Any CPU
		{059442AB-019A-4034-B967-5C451190F03C}.Release|Any CPU.ActiveCfg = Release|Any CPU
		{059442AB-019A-4034-B967-5C451190F03C}.Release|Any CPU.Build.0 = Release|Any CPU
		{ADC0DC36-DCCD-4769-902C-D901894126AD}.Debug|Any CPU.ActiveCfg = Debug|Any CPU
		{ADC0DC36-DCCD-4769-902C-D901894126AD}.Debug|Any CPU.Build.0 = Debug|Any CPU
		{ADC0DC36-DCCD-4769-902C-D901894126AD}.Release|Any CPU.ActiveCfg = Release|Any CPU
		{ADC0DC36-DCCD-4769-902C-D901894126AD}.Release|Any CPU.Build.0 = Release|Any CPU
		{56AC25E0-9F1F-4F3D-BADA-D60B0AC35925}.Debug|Any CPU.ActiveCfg = Debug|Any CPU
		{56AC25E0-9F1F-4F3D-BADA-D60B0AC35925}.Debug|Any CPU.Build.0 = Debug|Any CPU
		{56AC25E0-9F1F-4F3D-BADA-D60B0AC35925}.Release|Any CPU.ActiveCfg = Release|Any CPU
		{56AC25E0-9F1F-4F3D-BADA-D60B0AC35925}.Release|Any CPU.Build.0 = Release|Any CPU
		{773E35F4-A5CA-40C2-8339-DF8B63D39FCC}.Debug|Any CPU.ActiveCfg = Debug|Any CPU
		{773E35F4-A5CA-40C2-8339-DF8B63D39FCC}.Debug|Any CPU.Build.0 = Debug|Any CPU
		{773E35F4-A5CA-40C2-8339-DF8B63D39FCC}.Release|Any CPU.ActiveCfg = Release|Any CPU
		{773E35F4-A5CA-40C2-8339-DF8B63D39FCC}.Release|Any CPU.Build.0 = Release|Any CPU
		{9565C49F-AF6E-46AB-9925-39BD70FC8FAC}.Debug|Any CPU.ActiveCfg = Debug|Any CPU
		{9565C49F-AF6E-46AB-9925-39BD70FC8FAC}.Debug|Any CPU.Build.0 = Debug|Any CPU
		{9565C49F-AF6E-46AB-9925-39BD70FC8FAC}.Release|Any CPU.ActiveCfg = Release|Any CPU
		{9565C49F-AF6E-46AB-9925-39BD70FC8FAC}.Release|Any CPU.Build.0 = Release|Any CPU
		{1506A25D-FC2C-4B66-8AA1-5546D8B8B126}.Debug|Any CPU.ActiveCfg = Debug|Any CPU
		{1506A25D-FC2C-4B66-8AA1-5546D8B8B126}.Debug|Any CPU.Build.0 = Debug|Any CPU
		{1506A25D-FC2C-4B66-8AA1-5546D8B8B126}.Release|Any CPU.ActiveCfg = Release|Any CPU
		{1506A25D-FC2C-4B66-8AA1-5546D8B8B126}.Release|Any CPU.Build.0 = Release|Any CPU
		{0FE26028-0B80-4BF9-ADB0-251BB692803D}.Debug|Any CPU.ActiveCfg = Debug|Any CPU
		{0FE26028-0B80-4BF9-ADB0-251BB692803D}.Debug|Any CPU.Build.0 = Debug|Any CPU
		{0FE26028-0B80-4BF9-ADB0-251BB692803D}.Release|Any CPU.ActiveCfg = Release|Any CPU
		{0FE26028-0B80-4BF9-ADB0-251BB692803D}.Release|Any CPU.Build.0 = Release|Any CPU
		{E944A0DC-4579-4E4A-9C2B-D091776F8261}.Debug|Any CPU.ActiveCfg = Debug|Any CPU
		{E944A0DC-4579-4E4A-9C2B-D091776F8261}.Debug|Any CPU.Build.0 = Debug|Any CPU
		{E944A0DC-4579-4E4A-9C2B-D091776F8261}.Release|Any CPU.ActiveCfg = Release|Any CPU
		{E944A0DC-4579-4E4A-9C2B-D091776F8261}.Release|Any CPU.Build.0 = Release|Any CPU
		{A12DEB8A-1DC2-453D-8999-2B3AD300C76A}.Debug|Any CPU.ActiveCfg = Debug|Any CPU
		{A12DEB8A-1DC2-453D-8999-2B3AD300C76A}.Debug|Any CPU.Build.0 = Debug|Any CPU
		{A12DEB8A-1DC2-453D-8999-2B3AD300C76A}.Release|Any CPU.ActiveCfg = Release|Any CPU
		{A12DEB8A-1DC2-453D-8999-2B3AD300C76A}.Release|Any CPU.Build.0 = Release|Any CPU
		{E68C5002-5F28-483D-8E4A-BE94F3A2E195}.Debug|Any CPU.ActiveCfg = Debug|Any CPU
		{E68C5002-5F28-483D-8E4A-BE94F3A2E195}.Debug|Any CPU.Build.0 = Debug|Any CPU
		{E68C5002-5F28-483D-8E4A-BE94F3A2E195}.Release|Any CPU.ActiveCfg = Release|Any CPU
		{E68C5002-5F28-483D-8E4A-BE94F3A2E195}.Release|Any CPU.Build.0 = Release|Any CPU
		{31B916E2-BD98-4ED0-B1E4-CD615D2A8647}.Debug|Any CPU.ActiveCfg = Debug|Any CPU
		{31B916E2-BD98-4ED0-B1E4-CD615D2A8647}.Debug|Any CPU.Build.0 = Debug|Any CPU
		{31B916E2-BD98-4ED0-B1E4-CD615D2A8647}.Release|Any CPU.ActiveCfg = Release|Any CPU
		{31B916E2-BD98-4ED0-B1E4-CD615D2A8647}.Release|Any CPU.Build.0 = Release|Any CPU
		{39A1F6C4-192F-4F75-91A1-F13BE4D71B83}.Debug|Any CPU.ActiveCfg = Debug|Any CPU
		{39A1F6C4-192F-4F75-91A1-F13BE4D71B83}.Debug|Any CPU.Build.0 = Debug|Any CPU
		{39A1F6C4-192F-4F75-91A1-F13BE4D71B83}.Release|Any CPU.ActiveCfg = Release|Any CPU
		{39A1F6C4-192F-4F75-91A1-F13BE4D71B83}.Release|Any CPU.Build.0 = Release|Any CPU
		{72B0A5E3-FD19-446B-A55E-C9BA5416199F}.Debug|Any CPU.ActiveCfg = Debug|Any CPU
		{72B0A5E3-FD19-446B-A55E-C9BA5416199F}.Debug|Any CPU.Build.0 = Debug|Any CPU
		{72B0A5E3-FD19-446B-A55E-C9BA5416199F}.Release|Any CPU.ActiveCfg = Release|Any CPU
		{72B0A5E3-FD19-446B-A55E-C9BA5416199F}.Release|Any CPU.Build.0 = Release|Any CPU
		{CCE098A6-942B-4222-B0BD-8A2E0E939823}.Debug|Any CPU.ActiveCfg = Debug|Any CPU
		{CCE098A6-942B-4222-B0BD-8A2E0E939823}.Debug|Any CPU.Build.0 = Debug|Any CPU
		{CCE098A6-942B-4222-B0BD-8A2E0E939823}.Release|Any CPU.ActiveCfg = Release|Any CPU
		{CCE098A6-942B-4222-B0BD-8A2E0E939823}.Release|Any CPU.Build.0 = Release|Any CPU
		{5DF74D15-4703-457B-A4CA-921FF8A6D8CD}.Debug|Any CPU.ActiveCfg = Debug|Any CPU
		{5DF74D15-4703-457B-A4CA-921FF8A6D8CD}.Debug|Any CPU.Build.0 = Debug|Any CPU
		{5DF74D15-4703-457B-A4CA-921FF8A6D8CD}.Release|Any CPU.ActiveCfg = Release|Any CPU
		{5DF74D15-4703-457B-A4CA-921FF8A6D8CD}.Release|Any CPU.Build.0 = Release|Any CPU
		{D2B8185B-F371-43BD-A304-D541CD05BC85}.Debug|Any CPU.ActiveCfg = Debug|Any CPU
		{D2B8185B-F371-43BD-A304-D541CD05BC85}.Debug|Any CPU.Build.0 = Debug|Any CPU
		{D2B8185B-F371-43BD-A304-D541CD05BC85}.Release|Any CPU.ActiveCfg = Release|Any CPU
		{D2B8185B-F371-43BD-A304-D541CD05BC85}.Release|Any CPU.Build.0 = Release|Any CPU
		{B3F52677-490E-4822-9EF1-8F5C0337585D}.Debug|Any CPU.ActiveCfg = Debug|Any CPU
		{B3F52677-490E-4822-9EF1-8F5C0337585D}.Debug|Any CPU.Build.0 = Debug|Any CPU
		{B3F52677-490E-4822-9EF1-8F5C0337585D}.Release|Any CPU.ActiveCfg = Release|Any CPU
		{B3F52677-490E-4822-9EF1-8F5C0337585D}.Release|Any CPU.Build.0 = Release|Any CPU
		{46CD18AA-0A1F-4DFA-88C3-120173D13D73}.Debug|Any CPU.ActiveCfg = Debug|Any CPU
		{46CD18AA-0A1F-4DFA-88C3-120173D13D73}.Debug|Any CPU.Build.0 = Debug|Any CPU
		{46CD18AA-0A1F-4DFA-88C3-120173D13D73}.Release|Any CPU.ActiveCfg = Release|Any CPU
		{46CD18AA-0A1F-4DFA-88C3-120173D13D73}.Release|Any CPU.Build.0 = Release|Any CPU
		{FC4FC9E8-E9A4-43E8-9624-8982FA3CE972}.Debug|Any CPU.ActiveCfg = Debug|Any CPU
		{FC4FC9E8-E9A4-43E8-9624-8982FA3CE972}.Debug|Any CPU.Build.0 = Debug|Any CPU
		{FC4FC9E8-E9A4-43E8-9624-8982FA3CE972}.Release|Any CPU.ActiveCfg = Release|Any CPU
		{FC4FC9E8-E9A4-43E8-9624-8982FA3CE972}.Release|Any CPU.Build.0 = Release|Any CPU
		{853EC2F0-F3E0-48BF-9223-1976DF164F54}.Debug|Any CPU.ActiveCfg = Debug|Any CPU
		{853EC2F0-F3E0-48BF-9223-1976DF164F54}.Debug|Any CPU.Build.0 = Debug|Any CPU
		{853EC2F0-F3E0-48BF-9223-1976DF164F54}.Release|Any CPU.ActiveCfg = Release|Any CPU
		{853EC2F0-F3E0-48BF-9223-1976DF164F54}.Release|Any CPU.Build.0 = Release|Any CPU
		{E5F40B30-81CF-4BBF-B3DD-31F39AD3ECDE}.Debug|Any CPU.ActiveCfg = Debug|Any CPU
		{E5F40B30-81CF-4BBF-B3DD-31F39AD3ECDE}.Debug|Any CPU.Build.0 = Debug|Any CPU
		{E5F40B30-81CF-4BBF-B3DD-31F39AD3ECDE}.Release|Any CPU.ActiveCfg = Release|Any CPU
		{E5F40B30-81CF-4BBF-B3DD-31F39AD3ECDE}.Release|Any CPU.Build.0 = Release|Any CPU
		{0A998E6D-9AC3-43CB-8C4E-5246E36D7987}.Debug|Any CPU.ActiveCfg = Debug|Any CPU
		{0A998E6D-9AC3-43CB-8C4E-5246E36D7987}.Debug|Any CPU.Build.0 = Debug|Any CPU
		{0A998E6D-9AC3-43CB-8C4E-5246E36D7987}.Release|Any CPU.ActiveCfg = Release|Any CPU
		{0A998E6D-9AC3-43CB-8C4E-5246E36D7987}.Release|Any CPU.Build.0 = Release|Any CPU
		{2893AD7D-9B92-4AC1-9B69-03EFA49644B6}.Debug|Any CPU.ActiveCfg = Debug|Any CPU
		{2893AD7D-9B92-4AC1-9B69-03EFA49644B6}.Debug|Any CPU.Build.0 = Debug|Any CPU
		{2893AD7D-9B92-4AC1-9B69-03EFA49644B6}.Release|Any CPU.ActiveCfg = Release|Any CPU
		{2893AD7D-9B92-4AC1-9B69-03EFA49644B6}.Release|Any CPU.Build.0 = Release|Any CPU
	EndGlobalSection
	GlobalSection(SolutionProperties) = preSolution
		HideSolutionNode = FALSE
	EndGlobalSection
	GlobalSection(ExtensibilityGlobals) = postSolution
		SolutionGuid = {5F87973D-D999-438F-9367-8B132A4ED93F}
	EndGlobalSection
EndGlobal
